
Microsoft Visual Studio Solution File, Format Version 12.00
# Visual Studio Version 16
VisualStudioVersion = 16.0.29519.181
MinimumVisualStudioVersion = 10.0.40219.1
Project("{FAE04EC0-301F-11D3-BF4B-00C04F79EFBC}") = "API", "API\API.csproj", "{0B04B373-A0D3-41AA-90CA-83C86573EA86}"
EndProject
Project("{FAE04EC0-301F-11D3-BF4B-00C04F79EFBC}") = "Application", "Application\Application.csproj", "{DFAC1388-266A-4292-83D9-0B5ADF32E819}"
EndProject
Project("{FAE04EC0-301F-11D3-BF4B-00C04F79EFBC}") = "Domain", "Domain\Domain.csproj", "{C9574BDF-1551-43D0-AF0E-C78792B08BE4}"
EndProject
Project("{FAE04EC0-301F-11D3-BF4B-00C04F79EFBC}") = "Infrastructure", "Infrastructure\Infrastructure.csproj", "{C7900C4A-1A86-4D0B-B0A3-6C641C995791}"
EndProject
Project("{FAE04EC0-301F-11D3-BF4B-00C04F79EFBC}") = "EFData", "EFData\EFData.csproj", "{C45761FC-1F6E-4322-A4E9-F031F82083FA}"
EndProject
Global
	GlobalSection(SolutionConfigurationPlatforms) = preSolution
		Debug|Any CPU = Debug|Any CPU
		Release|Any CPU = Release|Any CPU
	EndGlobalSection
	GlobalSection(ProjectConfigurationPlatforms) = postSolution
		{0B04B373-A0D3-41AA-90CA-83C86573EA86}.Debug|Any CPU.ActiveCfg = Debug|Any CPU
		{0B04B373-A0D3-41AA-90CA-83C86573EA86}.Debug|Any CPU.Build.0 = Debug|Any CPU
		{0B04B373-A0D3-41AA-90CA-83C86573EA86}.Release|Any CPU.ActiveCfg = Release|Any CPU
		{0B04B373-A0D3-41AA-90CA-83C86573EA86}.Release|Any CPU.Build.0 = Release|Any CPU
		{DFAC1388-266A-4292-83D9-0B5ADF32E819}.Debug|Any CPU.ActiveCfg = Debug|Any CPU
		{DFAC1388-266A-4292-83D9-0B5ADF32E819}.Debug|Any CPU.Build.0 = Debug|Any CPU
		{DFAC1388-266A-4292-83D9-0B5ADF32E819}.Release|Any CPU.ActiveCfg = Release|Any CPU
		{DFAC1388-266A-4292-83D9-0B5ADF32E819}.Release|Any CPU.Build.0 = Release|Any CPU
		{C9574BDF-1551-43D0-AF0E-C78792B08BE4}.Debug|Any CPU.ActiveCfg = Debug|Any CPU
		{C9574BDF-1551-43D0-AF0E-C78792B08BE4}.Debug|Any CPU.Build.0 = Debug|Any CPU
		{C9574BDF-1551-43D0-AF0E-C78792B08BE4}.Release|Any CPU.ActiveCfg = Release|Any CPU
		{C9574BDF-1551-43D0-AF0E-C78792B08BE4}.Release|Any CPU.Build.0 = Release|Any CPU
		{C7900C4A-1A86-4D0B-B0A3-6C641C995791}.Debug|Any CPU.ActiveCfg = Debug|Any CPU
		{C7900C4A-1A86-4D0B-B0A3-6C641C995791}.Debug|Any CPU.Build.0 = Debug|Any CPU
		{C7900C4A-1A86-4D0B-B0A3-6C641C995791}.Release|Any CPU.ActiveCfg = Release|Any CPU
		{C7900C4A-1A86-4D0B-B0A3-6C641C995791}.Release|Any CPU.Build.0 = Release|Any CPU
		{C45761FC-1F6E-4322-A4E9-F031F82083FA}.Debug|Any CPU.ActiveCfg = Debug|Any CPU
		{C45761FC-1F6E-4322-A4E9-F031F82083FA}.Debug|Any CPU.Build.0 = Debug|Any CPU
		{C45761FC-1F6E-4322-A4E9-F031F82083FA}.Release|Any CPU.ActiveCfg = Release|Any CPU
		{C45761FC-1F6E-4322-A4E9-F031F82083FA}.Release|Any CPU.Build.0 = Release|Any CPU
	EndGlobalSection
	GlobalSection(SolutionProperties) = preSolution
		HideSolutionNode = FALSE
	EndGlobalSection
	GlobalSection(ExtensibilityGlobals) = postSolution
		SolutionGuid = {331C9DF4-CF60-4EDD-ABC7-73789A6D87F0}
	EndGlobalSection
EndGlobal
